{
  "version": "5",
  "specifiers": {
    "jsr:@cloudydeno/kubernetes-admission@0.2": "0.2.0",
    "jsr:@cloudydeno/kubernetes-apis@0.7": "0.7.2",
    "jsr:@cloudydeno/kubernetes-client@0.8": "0.8.1",
    "jsr:@std/encoding@1": "1.0.10",
    "jsr:@std/internal@^1.0.12": "1.0.12",
    "jsr:@std/path@1": "1.1.4",
    "jsr:@std/streams@1": "1.0.17",
    "jsr:@std/yaml@1": "1.0.12",
    "npm:undici@7": "7.19.0"
  },
  "jsr": {
    "@cloudydeno/kubernetes-admission@0.2.0": {
      "integrity": "dc651e7c652cc7e5ec33d1680046fec872f707f799c9039667b57d661127b0b3",
      "dependencies": [
        "jsr:@cloudydeno/kubernetes-apis",
        "jsr:@std/encoding"
      ]
    },
    "@cloudydeno/kubernetes-apis@0.7.2": {
      "integrity": "12dd29857228a695f75cbf91c8e630ad6ae73de174823f135a42d9b0a7cad608",
      "dependencies": [
        "jsr:@cloudydeno/kubernetes-client"
      ]
    },
    "@cloudydeno/kubernetes-client@0.8.1": {
      "integrity": "d7baa0166ee2c375c23d89e285831ca6569ea14a3cfb4434460c96e71b08d23e",
      "dependencies": [
        "jsr:@std/path",
        "jsr:@std/streams",
        "jsr:@std/yaml",
        "npm:undici"
      ]
    },
    "@std/encoding@1.0.10": {
      "integrity": "8783c6384a2d13abd5e9e87a7ae0520a30e9f56aeeaa3bdf910a3eaaf5c811a1"
    },
    "@std/internal@1.0.12": {
      "integrity": "972a634fd5bc34b242024402972cd5143eac68d8dffaca5eaa4dba30ce17b027"
    },
    "@std/path@1.1.4": {
      "integrity": "1d2d43f39efb1b42f0b1882a25486647cb851481862dc7313390b2bb044314b5",
      "dependencies": [
        "jsr:@std/internal"
      ]
    },
    "@std/streams@1.0.17": {
      "integrity": "7859f3d9deed83cf4b41f19223d4a67661b3d3819e9fc117698f493bf5992140"
    },
    "@std/yaml@1.0.12": {
      "integrity": "7deabca4545bcedd07c5f69ea53acea71b8b4c67562f224e17b90d75944cb20c"
    }
  },
  "npm": {
    "undici@7.19.0": {
      "integrity": "sha512-Heho1hJD81YChi+uS2RkSjcVO+EQLmLSyUlHyp7Y/wFbxQaGb4WXVKD073JytrjXJVkSZVzoE2MCSOKugFGtOQ=="
    }
  },
  "workspace": {
    "dependencies": [
      "jsr:@cloudydeno/kubernetes-admission@0.2",
      "jsr:@cloudydeno/kubernetes-apis@0.7"
    ]
  }
}
