{
  "version": "5",
  "specifiers": {
    "jsr:@cloudydeno/kubernetes-admission@0.2": "0.2.0",
    "jsr:@cloudydeno/kubernetes-apis@0.7": "0.7.2",
    "jsr:@cloudydeno/kubernetes-apis@~0.7.2": "0.7.2",
    "jsr:@cloudydeno/kubernetes-client@0.8": "0.8.1",
    "jsr:@std/encoding@1": "1.0.11",
    "jsr:@std/internal@^1.0.14": "1.0.14",
    "jsr:@std/path@1": "1.1.6",
    "jsr:@std/streams@1": "1.1.1",
    "jsr:@std/yaml@1": "1.1.2",
    "npm:undici@7": "7.29.0"
  },
  "jsr": {
    "@cloudydeno/kubernetes-admission@0.2.0": {
      "integrity": "dc651e7c652cc7e5ec33d1680046fec872f707f799c9039667b57d661127b0b3",
      "dependencies": [
        "jsr:@cloudydeno/kubernetes-apis@0.7",
        "jsr:@std/encoding"
      ]
    },
    "@cloudydeno/kubernetes-apis@0.7.2": {
      "integrity": "12dd29857228a695f75cbf91c8e630ad6ae73de174823f135a42d9b0a7cad608",
      "dependencies": [
        "jsr:@cloudydeno/kubernetes-client"
      ]
    },
    "@cloudydeno/kubernetes-client@0.8.1": {
      "integrity": "d7baa0166ee2c375c23d89e285831ca6569ea14a3cfb4434460c96e71b08d23e",
      "dependencies": [
        "jsr:@std/path",
        "jsr:@std/streams",
        "jsr:@std/yaml",
        "npm:undici"
      ]
    },
    "@std/encoding@1.0.11": {
      "integrity": "e7cef2f0b3153bccc17431e7c864a1de03a4b6d9647389c43e08aaa775d37385"
    },
    "@std/internal@1.0.14": {
      "integrity": "291516b3d4c35024d6ffbc0a9df5bf4c64116e05b50012cf846710152d2ffdf7"
    },
    "@std/path@1.1.6": {
      "integrity": "c68485c2a4dfbb5ae3cc74fae4e8c4e5d874cf8a8ed12927917235c758b46cbe",
      "dependencies": [
        "jsr:@std/internal"
      ]
    },
    "@std/streams@1.1.1": {
      "integrity": "92556d350e537e9dce527a6d08f6f15be3ff65e656079dea69d15252187c7613"
    },
    "@std/yaml@1.1.2": {
      "integrity": "de612653c036749ba2044165e316f52412b0f0698afffb7ee80b5331d6d2abae"
    }
  },
  "npm": {
    "undici@7.29.0": {
      "integrity": "sha512-IDxfleLmmbSskfWSUATiN1nfn2rDuvnMOqb5CWR92iIfojA0Ud+ulOAAEQ57LPr9rWmsreUyf5lwyao+7GNNVw=="
    }
  },
  "workspace": {
    "dependencies": [
      "jsr:@cloudydeno/kubernetes-admission@0.2",
      "jsr:@cloudydeno/kubernetes-apis@~0.7.2"
    ]
  }
}
